{
  "name": "io-creates3url",
  "version": "1.0.0",
  "lockfileVersion": 2,
  "requires": true,
  "packages": {
    "": {
      "name": "io-creates3url",
      "version": "1.0.0",
      "license": "ISC",
      "dependencies": {
        "@aws-sdk/s3-request-presigner": "^3.241.0"
      }
    },
    "node_modules/@aws-sdk/is-array-buffer": {
      "version": "3.201.0",
      "resolved": "https://registry.npmjs.org/@aws-sdk/is-array-buffer/-/is-array-buffer-3.201.0.tgz",
      "integrity": "sha512-UPez5qLh3dNgt0DYnPD/q0mVJY84rA17QE26hVNOW3fAji8W2wrwrxdacWOxyXvlxWsVRcKmr+lay1MDqpAMfg==",
      "dependencies": {
        "tslib": "^2.3.1"
      },
      "engines": {
        "node": ">=14.0.0"
      }
    },
    "node_modules/@aws-sdk/middleware-endpoint": {
      "version": "3.226.0",
      "resolved": "https://registry.npmjs.org/@aws-sdk/middleware-endpoint/-/middleware-endpoint-3.226.0.tgz",
      "integrity": "sha512-EvLFafjtUxTT0AC9p3aBQu1/fjhWdIeK58jIXaNFONfZ3F8QbEYUPuF/SqZvJM6cWfOO9qwYKkRDbCSTYhprIg==",
      "dependencies": {
        "@aws-sdk/middleware-serde": "3.226.0",
        "@aws-sdk/protocol-http": "3.226.0",
        "@aws-sdk/signature-v4": "3.226.0",
        "@aws-sdk/types": "3.226.0",
        "@aws-sdk/url-parser": "3.226.0",
        "@aws-sdk/util-config-provider": "3.208.0",
        "@aws-sdk/util-middleware": "3.226.0",
        "tslib": "^2.3.1"
      },
      "engines": {
        "node": ">=14.0.0"
      }
    },
    "node_modules/@aws-sdk/middleware-sdk-s3": {
      "version": "3.231.0",
      "resolved": "https://registry.npmjs.org/@aws-sdk/middleware-sdk-s3/-/middleware-sdk-s3-3.231.0.tgz",
      "integrity": "sha512-UGaSvevd2TanfKgStF46dDSHkh4bxOr1gdUkyHm9i+1pF5lx4KdbnBZv/5SKnn7XifhHRXrs1M3lTzemXREhTA==",
      "dependencies": {
        "@aws-sdk/protocol-http": "3.226.0",
        "@aws-sdk/types": "3.226.0",
        "@aws-sdk/util-arn-parser": "3.208.0",
        "tslib": "^2.3.1"
      },
      "engines": {
        "node": ">=14.0.0"
      }
    },
    "node_modules/@aws-sdk/middleware-serde": {
      "version": "3.226.0",
      "resolved": "https://registry.npmjs.org/@aws-sdk/middleware-serde/-/middleware-serde-3.226.0.tgz",
      "integrity": "sha512-nPuOOAkSfx9TxzdKFx0X2bDlinOxGrqD7iof926K/AEflxGD1DBdcaDdjlYlPDW2CVE8LV/rAgbYuLxh/E/1VA==",
      "dependencies": {
        "@aws-sdk/types": "3.226.0",
        "tslib": "^2.3.1"
      },
      "engines": {
        "node": ">=14.0.0"
      }
    },
    "node_modules/@aws-sdk/middleware-stack": {
      "version": "3.226.0",
      "resolved": "https://registry.npmjs.org/@aws-sdk/middleware-stack/-/middleware-stack-3.226.0.tgz",
      "integrity": "sha512-85wF29LvPvpoed60fZGDYLwv1Zpd/cM0C22WSSFPw1SSJeqO4gtFYyCg2squfT3KI6kF43IIkOCJ+L7GtryPug==",
      "dependencies": {
        "tslib": "^2.3.1"
      },
      "engines": {
        "node": ">=14.0.0"
      }
    },
    "node_modules/@aws-sdk/protocol-http": {
      "version": "3.226.0",
      "resolved": "https://registry.npmjs.org/@aws-sdk/protocol-http/-/protocol-http-3.226.0.tgz",
      "integrity": "sha512-zWkVqiTA9RXL6y0hhfZc9bcU4DX2NI6Hw9IhQmSPeM59mdbPjJlY4bLlMr5YxywqO3yQ/ylNoAfrEzrDjlOSRg==",
      "dependencies": {
        "@aws-sdk/types": "3.226.0",
        "tslib": "^2.3.1"
      },
      "engines": {
        "node": ">=14.0.0"
      }
    },
    "node_modules/@aws-sdk/querystring-builder": {
      "version": "3.226.0",
      "resolved": "https://registry.npmjs.org/@aws-sdk/querystring-builder/-/querystring-builder-3.226.0.tgz",
      "integrity": "sha512-LVurypuNeotO4lmirKXRC4NYrZRAyMJXuwO0f2a5ZAUJCjauwYrifKue6yCfU7bls7gut7nfcR6B99WBYpHs3g==",
      "dependencies": {
        "@aws-sdk/types": "3.226.0",
        "@aws-sdk/util-uri-escape": "3.201.0",
        "tslib": "^2.3.1"
      },
      "engines": {
        "node": ">=14.0.0"
      }
    },
    "node_modules/@aws-sdk/querystring-parser": {
      "version": "3.226.0",
      "resolved": "https://registry.npmjs.org/@aws-sdk/querystring-parser/-/querystring-parser-3.226.0.tgz",
      "integrity": "sha512-FzB+VrQ47KAFxiPt2YXrKZ8AOLZQqGTLCKHzx4bjxGmwgsjV8yIbtJiJhZLMcUQV4LtGeIY9ixIqQhGvnZHE4A==",
      "dependencies": {
        "@aws-sdk/types": "3.226.0",
        "tslib": "^2.3.1"
      },
      "engines": {
        "node": ">=14.0.0"
      }
    },
    "node_modules/@aws-sdk/s3-request-presigner": {
      "version": "3.241.0",
      "resolved": "https://registry.npmjs.org/@aws-sdk/s3-request-presigner/-/s3-request-presigner-3.241.0.tgz",
      "integrity": "sha512-8W9F/do9ufnDVZ7hEL7VwTyqN6FLNv1p8h8XmMUbvJvb0iASsly5s2BgMcMVuQNiH1olUPmZQsfL6upqItGecg==",
      "dependencies": {
        "@aws-sdk/middleware-endpoint": "3.226.0",
        "@aws-sdk/middleware-sdk-s3": "3.231.0",
        "@aws-sdk/protocol-http": "3.226.0",
        "@aws-sdk/signature-v4-multi-region": "3.226.0",
        "@aws-sdk/smithy-client": "3.234.0",
        "@aws-sdk/types": "3.226.0",
        "@aws-sdk/util-create-request": "3.234.0",
        "@aws-sdk/util-format-url": "3.226.0",
        "tslib": "^2.3.1"
      },
      "engines": {
        "node": ">=14.0.0"
      }
    },
    "node_modules/@aws-sdk/signature-v4": {
      "version": "3.226.0",
      "resolved": "https://registry.npmjs.org/@aws-sdk/signature-v4/-/signature-v4-3.226.0.tgz",
      "integrity": "sha512-/R5q5agdPd7HJB68XMzpxrNPk158EHUvkFkuRu5Qf3kkkHebEzWEBlWoVpUe6ss4rP9Tqcue6xPuaftEmhjpYw==",
      "dependencies": {
        "@aws-sdk/is-array-buffer": "3.201.0",
        "@aws-sdk/types": "3.226.0",
        "@aws-sdk/util-hex-encoding": "3.201.0",
        "@aws-sdk/util-middleware": "3.226.0",
        "@aws-sdk/util-uri-escape": "3.201.0",
        "tslib": "^2.3.1"
      },
      "engines": {
        "node": ">=14.0.0"
      }
    },
    "node_modules/@aws-sdk/signature-v4-multi-region": {
      "version": "3.226.0",
      "resolved": "https://registry.npmjs.org/@aws-sdk/signature-v4-multi-region/-/signature-v4-multi-region-3.226.0.tgz",
      "integrity": "sha512-QHxNuf9ynK208v7Y3imdsa3Cz8ynYV7ZOf3sBJdItuEtHN6uy/KxaOrtvpF8I5Hyn48Hc8z5miTSMujFKT7GEw==",
      "dependencies": {
        "@aws-sdk/protocol-http": "3.226.0",
        "@aws-sdk/signature-v4": "3.226.0",
        "@aws-sdk/types": "3.226.0",
        "@aws-sdk/util-arn-parser": "3.208.0",
        "tslib": "^2.3.1"
      },
      "engines": {
        "node": ">=14.0.0"
      },
      "peerDependencies": {
        "@aws-sdk/signature-v4-crt": "^3.118.0"
      },
      "peerDependenciesMeta": {
        "@aws-sdk/signature-v4-crt": {
          "optional": true
        }
      }
    },
    "node_modules/@aws-sdk/smithy-client": {
      "version": "3.234.0",
      "resolved": "https://registry.npmjs.org/@aws-sdk/smithy-client/-/smithy-client-3.234.0.tgz",
      "integrity": "sha512-8AtR/k4vsFvjXeQbIzq/Wy7Nbk48Ou0wUEeVYPHWHPSU8QamFWORkOwmKtKMfHAyZvmqiAPeQqHFkq+UJhWyyQ==",
      "dependencies": {
        "@aws-sdk/middleware-stack": "3.226.0",
        "@aws-sdk/types": "3.226.0",
        "tslib": "^2.3.1"
      },
      "engines": {
        "node": ">=14.0.0"
      }
    },
    "node_modules/@aws-sdk/types": {
      "version": "3.226.0",
      "resolved": "https://registry.npmjs.org/@aws-sdk/types/-/types-3.226.0.tgz",
      "integrity": "sha512-MmmNHrWeO4man7wpOwrAhXlevqtOV9ZLcH4RhnG5LmRce0RFOApx24HoKENfFCcOyCm5LQBlsXCqi0dZWDWU0A==",
      "dependencies": {
        "tslib": "^2.3.1"
      },
      "engines": {
        "node": ">=14.0.0"
      }
    },
    "node_modules/@aws-sdk/url-parser": {
      "version": "3.226.0",
      "resolved": "https://registry.npmjs.org/@aws-sdk/url-parser/-/url-parser-3.226.0.tgz",
      "integrity": "sha512-p5RLE0QWyP0OcTOLmFcLdVgUcUEzmEfmdrnOxyNzomcYb0p3vUagA5zfa1HVK2azsQJFBv28GfvMnba9bGhObg==",
      "dependencies": {
        "@aws-sdk/querystring-parser": "3.226.0",
        "@aws-sdk/types": "3.226.0",
        "tslib": "^2.3.1"
      }
    },
    "node_modules/@aws-sdk/util-arn-parser": {
      "version": "3.208.0",
      "resolved": "https://registry.npmjs.org/@aws-sdk/util-arn-parser/-/util-arn-parser-3.208.0.tgz",
      "integrity": "sha512-QV4af+kscova9dv4VuHOgH8wEr/IIYHDGcnyVtkUEqahCejWr1Kuk+SBK0xMwnZY5LSycOtQ8aeqHOn9qOjZtA==",
      "dependencies": {
        "tslib": "^2.3.1"
      },
      "engines": {
        "node": ">=14.0.0"
      }
    },
    "node_modules/@aws-sdk/util-config-provider": {
      "version": "3.208.0",
      "resolved": "https://registry.npmjs.org/@aws-sdk/util-config-provider/-/util-config-provider-3.208.0.tgz",
      "integrity": "sha512-DSRqwrERUsT34ug+anlMBIFooBEGwM8GejC7q00Y/9IPrQy50KnG5PW2NiTjuLKNi7pdEOlwTSEocJE15eDZIg==",
      "dependencies": {
        "tslib": "^2.3.1"
      },
      "engines": {
        "node": ">=14.0.0"
      }
    },
    "node_modules/@aws-sdk/util-create-request": {
      "version": "3.234.0",
      "resolved": "https://registry.npmjs.org/@aws-sdk/util-create-request/-/util-create-request-3.234.0.tgz",
      "integrity": "sha512-rKaM2q1jRru724crQx36V6cy07f8yO6KGrsAbRdXzuS2n1c6/w56vwyAw7ArUqjPeIc8pgDxZ0K99Te/RinzdQ==",
      "dependencies": {
        "@aws-sdk/middleware-stack": "3.226.0",
        "@aws-sdk/smithy-client": "3.234.0",
        "@aws-sdk/types": "3.226.0",
        "tslib": "^2.3.1"
      },
      "engines": {
        "node": ">=14.0.0"
      }
    },
    "node_modules/@aws-sdk/util-format-url": {
      "version": "3.226.0",
      "resolved": "https://registry.npmjs.org/@aws-sdk/util-format-url/-/util-format-url-3.226.0.tgz",
      "integrity": "sha512-IhuA8iuJL1urWqZZmVzW79mHnwFEEP6rMsSKgAfMmuzowhtgk9p/sT2OVPkXk0LeZL2Ghsnw1W2JfPIs8x1qVg==",
      "dependencies": {
        "@aws-sdk/querystring-builder": "3.226.0",
        "@aws-sdk/types": "3.226.0",
        "tslib": "^2.3.1"
      },
      "engines": {
        "node": ">=14.0.0"
      }
    },
    "node_modules/@aws-sdk/util-hex-encoding": {
      "version": "3.201.0",
      "resolved": "https://registry.npmjs.org/@aws-sdk/util-hex-encoding/-/util-hex-encoding-3.201.0.tgz",
      "integrity": "sha512-7t1vR1pVxKx0motd3X9rI3m/xNp78p3sHtP5yo4NP4ARpxyJ0fokBomY8ScaH2D/B+U5o9ARxldJUdMqyBlJcA==",
      "dependencies": {
        "tslib": "^2.3.1"
      },
      "engines": {
        "node": ">=14.0.0"
      }
    },
    "node_modules/@aws-sdk/util-middleware": {
      "version": "3.226.0",
      "resolved": "https://registry.npmjs.org/@aws-sdk/util-middleware/-/util-middleware-3.226.0.tgz",
      "integrity": "sha512-B96CQnwX4gRvQdaQkdUtqvDPkrptV5+va6FVeJOocU/DbSYMAScLxtR3peMS8cnlOT6nL1Eoa42OI9AfZz1VwQ==",
      "dependencies": {
        "tslib": "^2.3.1"
      },
      "engines": {
        "node": ">=14.0.0"
      }
    },
    "node_modules/@aws-sdk/util-uri-escape": {
      "version": "3.201.0",
      "resolved": "https://registry.npmjs.org/@aws-sdk/util-uri-escape/-/util-uri-escape-3.201.0.tgz",
      "integrity": "sha512-TeTWbGx4LU2c5rx0obHeDFeO9HvwYwQtMh1yniBz00pQb6Qt6YVOETVQikRZ+XRQwEyCg/dA375UplIpiy54mA==",
      "dependencies": {
        "tslib": "^2.3.1"
      },
      "engines": {
        "node": ">=14.0.0"
      }
    },
    "node_modules/tslib": {
      "version": "2.4.1",
      "resolved": "https://registry.npmjs.org/tslib/-/tslib-2.4.1.tgz",
      "integrity": "sha512-tGyy4dAjRIEwI7BzsB0lynWgOpfqjUdq91XXAlIWD2OwKBH7oCl/GZG/HT4BOHrTlPMOASlMQ7veyTqpmRcrNA=="
    }
  },
  "dependencies": {
    "@aws-sdk/is-array-buffer": {
      "version": "3.201.0",
      "resolved": "https://registry.npmjs.org/@aws-sdk/is-array-buffer/-/is-array-buffer-3.201.0.tgz",
      "integrity": "sha512-UPez5qLh3dNgt0DYnPD/q0mVJY84rA17QE26hVNOW3fAji8W2wrwrxdacWOxyXvlxWsVRcKmr+lay1MDqpAMfg==",
      "requires": {
        "tslib": "^2.3.1"
      }
    },
    "@aws-sdk/middleware-endpoint": {
      "version": "3.226.0",
      "resolved": "https://registry.npmjs.org/@aws-sdk/middleware-endpoint/-/middleware-endpoint-3.226.0.tgz",
      "integrity": "sha512-EvLFafjtUxTT0AC9p3aBQu1/fjhWdIeK58jIXaNFONfZ3F8QbEYUPuF/SqZvJM6cWfOO9qwYKkRDbCSTYhprIg==",
      "requires": {
        "@aws-sdk/middleware-serde": "3.226.0",
        "@aws-sdk/protocol-http": "3.226.0",
        "@aws-sdk/signature-v4": "3.226.0",
        "@aws-sdk/types": "3.226.0",
        "@aws-sdk/url-parser": "3.226.0",
        "@aws-sdk/util-config-provider": "3.208.0",
        "@aws-sdk/util-middleware": "3.226.0",
        "tslib": "^2.3.1"
      }
    },
    "@aws-sdk/middleware-sdk-s3": {
      "version": "3.231.0",
      "resolved": "https://registry.npmjs.org/@aws-sdk/middleware-sdk-s3/-/middleware-sdk-s3-3.231.0.tgz",
      "integrity": "sha512-UGaSvevd2TanfKgStF46dDSHkh4bxOr1gdUkyHm9i+1pF5lx4KdbnBZv/5SKnn7XifhHRXrs1M3lTzemXREhTA==",
      "requires": {
        "@aws-sdk/protocol-http": "3.226.0",
        "@aws-sdk/types": "3.226.0",
        "@aws-sdk/util-arn-parser": "3.208.0",
        "tslib": "^2.3.1"
      }
    },
    "@aws-sdk/middleware-serde": {
      "version": "3.226.0",
      "resolved": "https://registry.npmjs.org/@aws-sdk/middleware-serde/-/middleware-serde-3.226.0.tgz",
      "integrity": "sha512-nPuOOAkSfx9TxzdKFx0X2bDlinOxGrqD7iof926K/AEflxGD1DBdcaDdjlYlPDW2CVE8LV/rAgbYuLxh/E/1VA==",
      "requires": {
        "@aws-sdk/types": "3.226.0",
        "tslib": "^2.3.1"
      }
    },
    "@aws-sdk/middleware-stack": {
      "version": "3.226.0",
      "resolved": "https://registry.npmjs.org/@aws-sdk/middleware-stack/-/middleware-stack-3.226.0.tgz",
      "integrity": "sha512-85wF29LvPvpoed60fZGDYLwv1Zpd/cM0C22WSSFPw1SSJeqO4gtFYyCg2squfT3KI6kF43IIkOCJ+L7GtryPug==",
      "requires": {
        "tslib": "^2.3.1"
      }
    },
    "@aws-sdk/protocol-http": {
      "version": "3.226.0",
      "resolved": "https://registry.npmjs.org/@aws-sdk/protocol-http/-/protocol-http-3.226.0.tgz",
      "integrity": "sha512-zWkVqiTA9RXL6y0hhfZc9bcU4DX2NI6Hw9IhQmSPeM59mdbPjJlY4bLlMr5YxywqO3yQ/ylNoAfrEzrDjlOSRg==",
      "requires": {
        "@aws-sdk/types": "3.226.0",
        "tslib": "^2.3.1"
      }
    },
    "@aws-sdk/querystring-builder": {
      "version": "3.226.0",
      "resolved": "https://registry.npmjs.org/@aws-sdk/querystring-builder/-/querystring-builder-3.226.0.tgz",
      "integrity": "sha512-LVurypuNeotO4lmirKXRC4NYrZRAyMJXuwO0f2a5ZAUJCjauwYrifKue6yCfU7bls7gut7nfcR6B99WBYpHs3g==",
      "requires": {
        "@aws-sdk/types": "3.226.0",
        "@aws-sdk/util-uri-escape": "3.201.0",
        "tslib": "^2.3.1"
      }
    },
    "@aws-sdk/querystring-parser": {
      "version": "3.226.0",
      "resolved": "https://registry.npmjs.org/@aws-sdk/querystring-parser/-/querystring-parser-3.226.0.tgz",
      "integrity": "sha512-FzB+VrQ47KAFxiPt2YXrKZ8AOLZQqGTLCKHzx4bjxGmwgsjV8yIbtJiJhZLMcUQV4LtGeIY9ixIqQhGvnZHE4A==",
      "requires": {
        "@aws-sdk/types": "3.226.0",
        "tslib": "^2.3.1"
      }
    },
    "@aws-sdk/s3-request-presigner": {
      "version": "3.241.0",
      "resolved": "https://registry.npmjs.org/@aws-sdk/s3-request-presigner/-/s3-request-presigner-3.241.0.tgz",
      "integrity": "sha512-8W9F/do9ufnDVZ7hEL7VwTyqN6FLNv1p8h8XmMUbvJvb0iASsly5s2BgMcMVuQNiH1olUPmZQsfL6upqItGecg==",
      "requires": {
        "@aws-sdk/middleware-endpoint": "3.226.0",
        "@aws-sdk/middleware-sdk-s3": "3.231.0",
        "@aws-sdk/protocol-http": "3.226.0",
        "@aws-sdk/signature-v4-multi-region": "3.226.0",
        "@aws-sdk/smithy-client": "3.234.0",
        "@aws-sdk/types": "3.226.0",
        "@aws-sdk/util-create-request": "3.234.0",
        "@aws-sdk/util-format-url": "3.226.0",
        "tslib": "^2.3.1"
      }
    },
    "@aws-sdk/signature-v4": {
      "version": "3.226.0",
      "resolved": "https://registry.npmjs.org/@aws-sdk/signature-v4/-/signature-v4-3.226.0.tgz",
      "integrity": "sha512-/R5q5agdPd7HJB68XMzpxrNPk158EHUvkFkuRu5Qf3kkkHebEzWEBlWoVpUe6ss4rP9Tqcue6xPuaftEmhjpYw==",
      "requires": {
        "@aws-sdk/is-array-buffer": "3.201.0",
        "@aws-sdk/types": "3.226.0",
        "@aws-sdk/util-hex-encoding": "3.201.0",
        "@aws-sdk/util-middleware": "3.226.0",
        "@aws-sdk/util-uri-escape": "3.201.0",
        "tslib": "^2.3.1"
      }
    },
    "@aws-sdk/signature-v4-multi-region": {
      "version": "3.226.0",
      "resolved": "https://registry.npmjs.org/@aws-sdk/signature-v4-multi-region/-/signature-v4-multi-region-3.226.0.tgz",
      "integrity": "sha512-QHxNuf9ynK208v7Y3imdsa3Cz8ynYV7ZOf3sBJdItuEtHN6uy/KxaOrtvpF8I5Hyn48Hc8z5miTSMujFKT7GEw==",
      "requires": {
        "@aws-sdk/protocol-http": "3.226.0",
        "@aws-sdk/signature-v4": "3.226.0",
        "@aws-sdk/types": "3.226.0",
        "@aws-sdk/util-arn-parser": "3.208.0",
        "tslib": "^2.3.1"
      }
    },
    "@aws-sdk/smithy-client": {
      "version": "3.234.0",
      "resolved": "https://registry.npmjs.org/@aws-sdk/smithy-client/-/smithy-client-3.234.0.tgz",
      "integrity": "sha512-8AtR/k4vsFvjXeQbIzq/Wy7Nbk48Ou0wUEeVYPHWHPSU8QamFWORkOwmKtKMfHAyZvmqiAPeQqHFkq+UJhWyyQ==",
      "requires": {
        "@aws-sdk/middleware-stack": "3.226.0",
        "@aws-sdk/types": "3.226.0",
        "tslib": "^2.3.1"
      }
    },
    "@aws-sdk/types": {
      "version": "3.226.0",
      "resolved": "https://registry.npmjs.org/@aws-sdk/types/-/types-3.226.0.tgz",
      "integrity": "sha512-MmmNHrWeO4man7wpOwrAhXlevqtOV9ZLcH4RhnG5LmRce0RFOApx24HoKENfFCcOyCm5LQBlsXCqi0dZWDWU0A==",
      "requires": {
        "tslib": "^2.3.1"
      }
    },
    "@aws-sdk/url-parser": {
      "version": "3.226.0",
      "resolved": "https://registry.npmjs.org/@aws-sdk/url-parser/-/url-parser-3.226.0.tgz",
      "integrity": "sha512-p5RLE0QWyP0OcTOLmFcLdVgUcUEzmEfmdrnOxyNzomcYb0p3vUagA5zfa1HVK2azsQJFBv28GfvMnba9bGhObg==",
      "requires": {
        "@aws-sdk/querystring-parser": "3.226.0",
        "@aws-sdk/types": "3.226.0",
        "tslib": "^2.3.1"
      }
    },
    "@aws-sdk/util-arn-parser": {
      "version": "3.208.0",
      "resolved": "https://registry.npmjs.org/@aws-sdk/util-arn-parser/-/util-arn-parser-3.208.0.tgz",
      "integrity": "sha512-QV4af+kscova9dv4VuHOgH8wEr/IIYHDGcnyVtkUEqahCejWr1Kuk+SBK0xMwnZY5LSycOtQ8aeqHOn9qOjZtA==",
      "requires": {
        "tslib": "^2.3.1"
      }
    },
    "@aws-sdk/util-config-provider": {
      "version": "3.208.0",
      "resolved": "https://registry.npmjs.org/@aws-sdk/util-config-provider/-/util-config-provider-3.208.0.tgz",
      "integrity": "sha512-DSRqwrERUsT34ug+anlMBIFooBEGwM8GejC7q00Y/9IPrQy50KnG5PW2NiTjuLKNi7pdEOlwTSEocJE15eDZIg==",
      "requires": {
        "tslib": "^2.3.1"
      }
    },
    "@aws-sdk/util-create-request": {
      "version": "3.234.0",
      "resolved": "https://registry.npmjs.org/@aws-sdk/util-create-request/-/util-create-request-3.234.0.tgz",
      "integrity": "sha512-rKaM2q1jRru724crQx36V6cy07f8yO6KGrsAbRdXzuS2n1c6/w56vwyAw7ArUqjPeIc8pgDxZ0K99Te/RinzdQ==",
      "requires": {
        "@aws-sdk/middleware-stack": "3.226.0",
        "@aws-sdk/smithy-client": "3.234.0",
        "@aws-sdk/types": "3.226.0",
        "tslib": "^2.3.1"
      }
    },
    "@aws-sdk/util-format-url": {
      "version": "3.226.0",
      "resolved": "https://registry.npmjs.org/@aws-sdk/util-format-url/-/util-format-url-3.226.0.tgz",
      "integrity": "sha512-IhuA8iuJL1urWqZZmVzW79mHnwFEEP6rMsSKgAfMmuzowhtgk9p/sT2OVPkXk0LeZL2Ghsnw1W2JfPIs8x1qVg==",
      "requires": {
        "@aws-sdk/querystring-builder": "3.226.0",
        "@aws-sdk/types": "3.226.0",
        "tslib": "^2.3.1"
      }
    },
    "@aws-sdk/util-hex-encoding": {
      "version": "3.201.0",
      "resolved": "https://registry.npmjs.org/@aws-sdk/util-hex-encoding/-/util-hex-encoding-3.201.0.tgz",
      "integrity": "sha512-7t1vR1pVxKx0motd3X9rI3m/xNp78p3sHtP5yo4NP4ARpxyJ0fokBomY8ScaH2D/B+U5o9ARxldJUdMqyBlJcA==",
      "requires": {
        "tslib": "^2.3.1"
      }
    },
    "@aws-sdk/util-middleware": {
      "version": "3.226.0",
      "resolved": "https://registry.npmjs.org/@aws-sdk/util-middleware/-/util-middleware-3.226.0.tgz",
      "integrity": "sha512-B96CQnwX4gRvQdaQkdUtqvDPkrptV5+va6FVeJOocU/DbSYMAScLxtR3peMS8cnlOT6nL1Eoa42OI9AfZz1VwQ==",
      "requires": {
        "tslib": "^2.3.1"
      }
    },
    "@aws-sdk/util-uri-escape": {
      "version": "3.201.0",
      "resolved": "https://registry.npmjs.org/@aws-sdk/util-uri-escape/-/util-uri-escape-3.201.0.tgz",
      "integrity": "sha512-TeTWbGx4LU2c5rx0obHeDFeO9HvwYwQtMh1yniBz00pQb6Qt6YVOETVQikRZ+XRQwEyCg/dA375UplIpiy54mA==",
      "requires": {
        "tslib": "^2.3.1"
      }
    },
    "tslib": {
      "version": "2.4.1",
      "resolved": "https://registry.npmjs.org/tslib/-/tslib-2.4.1.tgz",
      "integrity": "sha512-tGyy4dAjRIEwI7BzsB0lynWgOpfqjUdq91XXAlIWD2OwKBH7oCl/GZG/HT4BOHrTlPMOASlMQ7veyTqpmRcrNA=="
    }
  }
}
